
Microsoft Visual Studio Solution File, Format Version 12.00
# Visual Studio Version 17
VisualStudioVersion = 17.0.31903.59
MinimumVisualStudioVersion = 10.0.40219.1
Project("{2150E333-8FDC-42A3-9474-1A3956D46DE8}") = "src", "src", "{E04602A0-DE88-46AA-B2C4-FD1D2404CF53}"
EndProject
Project("{FAE04EC0-301F-11D3-BF4B-00C04F79EFBC}") = "BuildingBlocks", "src\BuildingBlocks\BuildingBlocks.csproj", "{65D0B6F7-E8AB-4E4A-B499-826D604E0C3E}"
EndProject
Project("{FAE04EC0-301F-11D3-BF4B-00C04F79EFBC}") = "ECommerce.Categories.Api", "ECommerce.Categories.Api\ECommerce.Categories.Api.csproj", "{FF0D22CE-6BF1-449E-B2A4-AA0DFE46A99D}"
EndProject
Project("{FAE04EC0-301F-11D3-BF4B-00C04F79EFBC}") = "ECommerce.Infrastructure", "ECommerce.Infrastructure\ECommerce.Infrastructure.csproj", "{F5A6FEED-9574-4A98-8D38-A82618DB720E}"
EndProject
Project("{FAE04EC0-301F-11D3-BF4B-00C04F79EFBC}") = "ECommerce.Orders.Api", "ECommerce.Orders.Api\ECommerce.Orders.Api.csproj", "{5F1F58DF-8BBD-4970-8864-886069745DFF}"
EndProject
Project("{FAE04EC0-301F-11D3-BF4B-00C04F79EFBC}") = "ECommerce.Products.Api", "ECommerce.Products.Api\ECommerce.Products.Api.csproj", "{65F4D9B1-4997-4C09-824E-8C09D0836FFA}"
EndProject
Project("{FAE04EC0-301F-11D3-BF4B-00C04F79EFBC}") = "ECommerce.Inventories.Api", "ECommerce.Inventories.Api\ECommerce.Inventories.Api.csproj", "{C9F1E505-BE59-4A56-AF85-D9F1BA85B0A9}"
EndProject
Project("{FAE04EC0-301F-11D3-BF4B-00C04F79EFBC}") = "ECommerce.Api.Tests", "ECommerce.Api.Tests\ECommerce.Api.Tests.csproj", "{DDF33BB3-53CE-419D-BEB7-A7F4B5FB428B}"
EndProject
Project("{FAE04EC0-301F-11D3-BF4B-00C04F79EFBC}") = "ECommerce.Api", "ECommerce.Api\ECommerce.Api.csproj", "{4C7CB194-8047-4215-85BD-EFA31DD6FA7D}"
EndProject
Global
	GlobalSection(SolutionConfigurationPlatforms) = preSolution
		Debug|Any CPU = Debug|Any CPU
		Release|Any CPU = Release|Any CPU
	EndGlobalSection
	GlobalSection(ProjectConfigurationPlatforms) = postSolution
		{65D0B6F7-E8AB-4E4A-B499-826D604E0C3E}.Debug|Any CPU.ActiveCfg = Debug|Any CPU
		{65D0B6F7-E8AB-4E4A-B499-826D604E0C3E}.Debug|Any CPU.Build.0 = Debug|Any CPU
		{65D0B6F7-E8AB-4E4A-B499-826D604E0C3E}.Release|Any CPU.ActiveCfg = Release|Any CPU
		{65D0B6F7-E8AB-4E4A-B499-826D604E0C3E}.Release|Any CPU.Build.0 = Release|Any CPU
		{FF0D22CE-6BF1-449E-B2A4-AA0DFE46A99D}.Debug|Any CPU.ActiveCfg = Debug|Any CPU
		{FF0D22CE-6BF1-449E-B2A4-AA0DFE46A99D}.Debug|Any CPU.Build.0 = Debug|Any CPU
		{FF0D22CE-6BF1-449E-B2A4-AA0DFE46A99D}.Release|Any CPU.ActiveCfg = Release|Any CPU
		{FF0D22CE-6BF1-449E-B2A4-AA0DFE46A99D}.Release|Any CPU.Build.0 = Release|Any CPU
		{F5A6FEED-9574-4A98-8D38-A82618DB720E}.Debug|Any CPU.ActiveCfg = Debug|Any CPU
		{F5A6FEED-9574-4A98-8D38-A82618DB720E}.Debug|Any CPU.Build.0 = Debug|Any CPU
		{F5A6FEED-9574-4A98-8D38-A82618DB720E}.Release|Any CPU.ActiveCfg = Release|Any CPU
		{F5A6FEED-9574-4A98-8D38-A82618DB720E}.Release|Any CPU.Build.0 = Release|Any CPU
		{5F1F58DF-8BBD-4970-8864-886069745DFF}.Debug|Any CPU.ActiveCfg = Debug|Any CPU
		{5F1F58DF-8BBD-4970-8864-886069745DFF}.Debug|Any CPU.Build.0 = Debug|Any CPU
		{5F1F58DF-8BBD-4970-8864-886069745DFF}.Release|Any CPU.ActiveCfg = Release|Any CPU
		{5F1F58DF-8BBD-4970-8864-886069745DFF}.Release|Any CPU.Build.0 = Release|Any CPU
		{65F4D9B1-4997-4C09-824E-8C09D0836FFA}.Debug|Any CPU.ActiveCfg = Debug|Any CPU
		{65F4D9B1-4997-4C09-824E-8C09D0836FFA}.Debug|Any CPU.Build.0 = Debug|Any CPU
		{65F4D9B1-4997-4C09-824E-8C09D0836FFA}.Release|Any CPU.ActiveCfg = Release|Any CPU
		{65F4D9B1-4997-4C09-824E-8C09D0836FFA}.Release|Any CPU.Build.0 = Release|Any CPU
		{C9F1E505-BE59-4A56-AF85-D9F1BA85B0A9}.Debug|Any CPU.ActiveCfg = Debug|Any CPU
		{C9F1E505-BE59-4A56-AF85-D9F1BA85B0A9}.Debug|Any CPU.Build.0 = Debug|Any CPU
		{C9F1E505-BE59-4A56-AF85-D9F1BA85B0A9}.Release|Any CPU.ActiveCfg = Release|Any CPU
		{C9F1E505-BE59-4A56-AF85-D9F1BA85B0A9}.Release|Any CPU.Build.0 = Release|Any CPU
		{DDF33BB3-53CE-419D-BEB7-A7F4B5FB428B}.Debug|Any CPU.ActiveCfg = Debug|Any CPU
		{DDF33BB3-53CE-419D-BEB7-A7F4B5FB428B}.Debug|Any CPU.Build.0 = Debug|Any CPU
		{DDF33BB3-53CE-419D-BEB7-A7F4B5FB428B}.Release|Any CPU.ActiveCfg = Release|Any CPU
		{DDF33BB3-53CE-419D-BEB7-A7F4B5FB428B}.Release|Any CPU.Build.0 = Release|Any CPU
		{4C7CB194-8047-4215-85BD-EFA31DD6FA7D}.Debug|Any CPU.ActiveCfg = Debug|Any CPU
		{4C7CB194-8047-4215-85BD-EFA31DD6FA7D}.Debug|Any CPU.Build.0 = Debug|Any CPU
		{4C7CB194-8047-4215-85BD-EFA31DD6FA7D}.Release|Any CPU.ActiveCfg = Release|Any CPU
		{4C7CB194-8047-4215-85BD-EFA31DD6FA7D}.Release|Any CPU.Build.0 = Release|Any CPU
	EndGlobalSection
	GlobalSection(SolutionProperties) = preSolution
		HideSolutionNode = FALSE
	EndGlobalSection
	GlobalSection(NestedProjects) = preSolution
		{65D0B6F7-E8AB-4E4A-B499-826D604E0C3E} = {E04602A0-DE88-46AA-B2C4-FD1D2404CF53}
		{FF0D22CE-6BF1-449E-B2A4-AA0DFE46A99D} = {E04602A0-DE88-46AA-B2C4-FD1D2404CF53}
		{F5A6FEED-9574-4A98-8D38-A82618DB720E} = {E04602A0-DE88-46AA-B2C4-FD1D2404CF53}
		{5F1F58DF-8BBD-4970-8864-886069745DFF} = {E04602A0-DE88-46AA-B2C4-FD1D2404CF53}
		{65F4D9B1-4997-4C09-824E-8C09D0836FFA} = {E04602A0-DE88-46AA-B2C4-FD1D2404CF53}
		{C9F1E505-BE59-4A56-AF85-D9F1BA85B0A9} = {E04602A0-DE88-46AA-B2C4-FD1D2404CF53}
		{DDF33BB3-53CE-419D-BEB7-A7F4B5FB428B} = {E04602A0-DE88-46AA-B2C4-FD1D2404CF53}
	EndGlobalSection
	GlobalSection(ExtensibilityGlobals) = postSolution
		SolutionGuid = {383CE00E-D28C-401C-954F-AB9077A55ACB}
	EndGlobalSection
EndGlobal
